lockfile_version: '2'
generated_at: '2026-08-29T08:40:07.908103+00:00'
apm_version: 0.28.0
dependencies:
- repo_url: fission-ai/openspec
  name: openspec
  host: github.com
  resolved_commit: 1ebddd17f40dde15dfd28289e4493c3cf05ee9df
  resolved_ref: v1.10.0
  version: unknown
  package_type: skill_bundle
  deployed_files:
  - .agents/skills/openspec-apply-change
  - .agents/skills/openspec-apply-change/SKILL.md
  - .agents/skills/openspec-archive-change
  - .agents/skills/openspec-archive-change/SKILL.md
  - .agents/skills/openspec-continue-change
  - .agents/skills/openspec-continue-change/SKILL.md
  - .agents/skills/openspec-explore
  - .agents/skills/openspec-explore/SKILL.md
  - .agents/skills/openspec-new-change
  - .agents/skills/openspec-new-change/SKILL.md
  - .agents/skills/openspec-propose
  - .agents/skills/openspec-propose/SKILL.md
  - .agents/skills/openspec-sync-specs
  - .agents/skills/openspec-sync-specs/SKILL.md
  - .agents/skills/openspec-update-change
  - .agents/skills/openspec-update-change/SKILL.md
  - .agents/skills/openspec-verify-change
  - .agents/skills/openspec-verify-change/SKILL.md
  deployed_file_hashes:
    .agents/skills/openspec-apply-change/SKILL.md: sha256:0cf1cb26935b55d83e240631500c8cee484a7b241c84a705387c0eeb88676ccf
    .agents/skills/openspec-archive-change/SKILL.md: sha256:3ad0def4d299469fdfd5b05e4842284d65558e6b28710b5962f7f214d6153855
    .agents/skills/openspec-continue-change/SKILL.md: sha256:5120ec867288e4a117949e333f980f51df79e641739c9f4a23df6656311af920
    .agents/skills/openspec-explore/SKILL.md: sha256:7e0281fc4f094dcced0c5469e7cbceba2dce9f113f22a4e34efcdce4315edf81
    .agents/skills/openspec-new-change/SKILL.md: sha256:0752814373e90dc368eb1f4c7fd4b15c3df1b26fa2d6a0e99232b15a29fe4f22
    .agents/skills/openspec-propose/SKILL.md: sha256:c0537ce311115878e7e0a04e6ff4fc6456056f21024079c228b6b24325e38613
    .agents/skills/openspec-sync-specs/SKILL.md: sha256:daf0e52b188a3010e1f494427eb6807fb61a68df653403759b2be54a3aa37e74
    .agents/skills/openspec-update-change/SKILL.md: sha256:f9e08302d75e873e9ca801211e6151e3f9b663ac6205903e7d79b6520cea30f5
    .agents/skills/openspec-verify-change/SKILL.md: sha256:02a810d3fb265df77ec22891cef25f0510fe0f07b608d837ba361debced81840
  content_hash: sha256:acc9b4766a99d36f5b00cf51ddade0bce3ca1667b92fd7d2c540bc6d0086706e
  skill_subset:
  - openspec-apply-change
  - openspec-archive-change
  - openspec-continue-change
  - openspec-explore
  - openspec-new-change
  - openspec-propose
  - openspec-sync-specs
  - openspec-update-change
  - openspec-verify-change
- repo_url: intent-driven-dev/intent-driven-template
  name: c4-diagrams
  host: github.com
  resolved_commit: 0d2b903c231f8aaf7caa94fc1538d847681fa4bf
  resolved_ref: 0d2b903c231f8aaf7caa94fc1538d847681fa4bf
  version: unknown
  virtual_path: .agents/skills/c4-diagrams
  is_virtual: true
  package_type: claude_skill
  deployed_files:
  - .agents/skills/c4-diagrams
  - .agents/skills/c4-diagrams/SKILL.md
  - .agents/skills/c4-diagrams/templates.md
  deployed_file_hashes:
    .agents/skills/c4-diagrams/SKILL.md: sha256:5ba43fe1b6e7c763beab75aaa897f314a6b259ed42285ca4db6c00cdf59510c5
    .agents/skills/c4-diagrams/templates.md: sha256:0eaae951dd4781538f50661f0cb2fea9b5d41ffe8256809fadb19ce3adc0fc10
  content_hash: sha256:6c432ca7c9f5dec38ec9309b0f874025b668c53fad8f13125ef049db7a571b12
- repo_url: intent-driven-dev/intent-driven-template
  name: gherkin-authoring
  host: github.com
  resolved_commit: 0d2b903c231f8aaf7caa94fc1538d847681fa4bf
  resolved_ref: 0d2b903c231f8aaf7caa94fc1538d847681fa4bf
  version: unknown
  virtual_path: .agents/skills/gherkin-authoring
  is_virtual: true
  package_type: claude_skill
  deployed_files:
  - .agents/skills/gherkin-authoring
  - .agents/skills/gherkin-authoring/SKILL.md
  deployed_file_hashes:
    .agents/skills/gherkin-authoring/SKILL.md: sha256:6be226f25e2968f6175e59067f05915508c60eddf4717a46f21f332a403943ac
  content_hash: sha256:c9e0f9b6eddc4dffb9da6e359353e4cf01a6bad73bcc4613f0528695ceff5d1d
- repo_url: seniorkonung/agent-skills
  name: agent-skills
  host: github.com
  resolved_commit: a026dce34a80ecc2d2023942f138d9fdae19b1b6
  resolved_ref: main
  version: 0.0.1
  package_type: apm_package
  deployed_files:
  - .agents/skills/code-review-and-quality
  - .agents/skills/code-review-and-quality/SKILL.md
  - .agents/skills/discussion
  - .agents/skills/discussion/SKILL.md
  - .agents/skills/discussion/references/document-format.md
  - .agents/skills/discussion/references/examples.md
  - .agents/skills/idea-refine
  - .agents/skills/idea-refine/SKILL.md
  - .agents/skills/idea-refine/examples.md
  - .agents/skills/idea-refine/frameworks.md
  - .agents/skills/idea-refine/refinement-criteria.md
  - .agents/skills/idea-refine/scripts/idea-refine.sh
  - .agents/skills/incremental-implementation
  - .agents/skills/incremental-implementation/SKILL.md
  - .agents/skills/observability-and-instrumentation
  - .agents/skills/observability-and-instrumentation/SKILL.md
  - .agents/skills/openspec-review-change
  - .agents/skills/openspec-review-change/SKILL.md
  - .agents/skills/openspec-review-change/references/review-format.md
  - .agents/skills/openspec-review-change/references/review-lenses.md
  - .agents/skills/planning-and-task-breakdown
  - .agents/skills/planning-and-task-breakdown/SKILL.md
  - .agents/skills/security-and-hardening
  - .agents/skills/security-and-hardening/SKILL.md
  - .agents/skills/shipping-and-launch
  - .agents/skills/shipping-and-launch/SKILL.md
  - .agents/skills/test-driven-development
  - .agents/skills/test-driven-development/SKILL.md
  - .codex/agents/code-reviewer.toml
  - .codex/agents/security-auditor.toml
  - .codex/agents/test-engineer.toml
  deployed_file_hashes:
    .agents/skills/code-review-and-quality/SKILL.md: sha256:0ff65150158adfd41844534948cbe4271e6a7a3aa463700a8d99caf550e38223
    .agents/skills/discussion/SKILL.md: sha256:e9c3423b73b4d572af3d95c8820142e18bb44e226adc92f1c297905e9835ca9a
    .agents/skills/discussion/references/document-format.md: sha256:9012f228e7a7759f14176e38b1b39946a3d810693a4a96319934b93ad71e80ac
    .agents/skills/discussion/references/examples.md: sha256:e0a056cc213de20ee0e311c1404a21bfdda9e70d2d2cc2b73748de1b53359a6c
    .agents/skills/idea-refine/SKILL.md: sha256:ab5240e4593b9b0250952986ce3b9aba4a7629c4bf8f6335d13584cff6ba7300
    .agents/skills/idea-refine/examples.md: sha256:326c8e64083f29b3ea8b99e757198efafcf30a68c227156b521e1cddff5ed4ad
    .agents/skills/idea-refine/frameworks.md: sha256:161ebc18fdf2d996bc62a87a2d747cf1bf53548354f8925de25c732c27f00309
    .agents/skills/idea-refine/refinement-criteria.md: sha256:1ca2973a4d01b5cb37ab7ddb2eff77fa4e792634a33d0ce44961c068fc88d51a
    .agents/skills/idea-refine/scripts/idea-refine.sh: sha256:f02a52408a4218047c032d221483abfbb48d11f090bb4915965c7419bf2e0e47
    .agents/skills/incremental-implementation/SKILL.md: sha256:9fc3b1931a1aa6da02e51d030f872cb52771843830b375fc91e43885a73fa853
    .agents/skills/observability-and-instrumentation/SKILL.md: sha256:e4e75a3b486967db22b1446ab694b82116800cb19cc6b9387ac79a604da83bca
    .agents/skills/openspec-review-change/SKILL.md: sha256:d3aa7026125a4e019949f014bf6faf68b3200ffea60a959f1dabfbf2be637634
    .agents/skills/openspec-review-change/references/review-format.md: sha256:8fff9c014c0422603f982706b0b5b31adfceafec7ddd139e452c8017352fbfb7
    .agents/skills/openspec-review-change/references/review-lenses.md: sha256:68f289916a85cf64b0d675611bc6377af55c64fd8cad8b947bc23286bf34afb0
    .agents/skills/planning-and-task-breakdown/SKILL.md: sha256:3a46c9031f2d70d5333bcd418ce835a866028e7d6abd8ed7cee621f20d6dfa72
    .agents/skills/security-and-hardening/SKILL.md: sha256:7dee4d2cc8b417b90790bf6016f74a3dcd1adcddde6e42f545a391f950778ebe
    .agents/skills/shipping-and-launch/SKILL.md: sha256:ca9216f73ac6dfd1b1104ccd7de570acc5a22e11b1bf0ad4bafde1009afc4512
    .agents/skills/test-driven-development/SKILL.md: sha256:0b3eadb3e71a64d015933f8fd41d6bff678b2ee174d638b0bbe79d8f54513860
    .codex/agents/code-reviewer.toml: sha256:68551392550f16bad4545b154ec710ba215623bcb35f95f8ab2e613d798b50dd
    .codex/agents/security-auditor.toml: sha256:6f2bec3bded4da237fa14b74fd77720f0e7d96982f09288652aec26b228110dd
    .codex/agents/test-engineer.toml: sha256:729261399bedbfa7af957725773fddea919b1e094a81ebe6d8a6e476d54c7ff8
  content_hash: sha256:84ecdae7035ecb602c1d06cf144415f2910237cd54922b980eccdaf2862bbf66
  skill_subset:
  - code-review-and-quality
  - discussion
  - idea-refine
  - incremental-implementation
  - observability-and-instrumentation
  - openspec-review-change
  - planning-and-task-breakdown
  - security-and-hardening
  - shipping-and-launch
  - test-driven-development
- repo_url: addyosmani/agent-skills
  name: agent-skills
  host: github.com
  resolved_commit: ff2df4c07e7836a092ed28e1e9b42f4d6009280c
  resolved_ref: 0.6.5
  version: 0.6.5
  depth: 2
  resolved_by: seniorkonung/agent-skills
  package_type: marketplace_plugin
  deployed_files:
  - .agents/skills/code-simplification
  - .agents/skills/code-simplification/SKILL.md
  - .agents/skills/debugging-and-error-recovery
  - .agents/skills/debugging-and-error-recovery/SKILL.md
  - .agents/skills/source-driven-development
  - .agents/skills/source-driven-development/SKILL.md
  deployed_file_hashes:
    .agents/skills/code-simplification/SKILL.md: sha256:f0c5ed754057eb0c1e027e2587f59de816651feb5e837242296c43ea21cf621d
    .agents/skills/debugging-and-error-recovery/SKILL.md: sha256:927ad6917fa2891827351cfa3470cd715423faaa5c5f27fe74534d9324c35eea
    .agents/skills/source-driven-development/SKILL.md: sha256:b979e7531ea601ed14a090f32a5b135db517c48ab9821c5e8b09efd80f4ff4d8
  content_hash: sha256:5b91544f925d04ef97f08ad0d20586c29b3c8394535eb6e8585b4d04ba7eb53b
  skill_subset:
  - code-simplification
  - debugging-and-error-recovery
  - source-driven-development
  target_subset:
  - agent-skills
  constraint: 0.6.5
  resolved_tag: 0.6.5
  resolved_at: '2026-08-29T08:39:55+00:00'
- repo_url: mattpocock/skills
  name: mattpocock-skills
  host: github.com
  resolved_commit: d574778f94cf620fcc8ce741584093bc650a61d3
  resolved_ref: v1.1.0
  version: d574778
  depth: 2
  resolved_by: seniorkonung/agent-skills
  package_type: marketplace_plugin
  deployed_files:
  - .agents/skills/codebase-design
  - .agents/skills/codebase-design/DEEPENING.md
  - .agents/skills/codebase-design/DESIGN-IT-TWICE.md
  - .agents/skills/codebase-design/SKILL.md
  - .agents/skills/domain-modeling
  - .agents/skills/domain-modeling/ADR-FORMAT.md
  - .agents/skills/domain-modeling/CONTEXT-FORMAT.md
  - .agents/skills/domain-modeling/SKILL.md
  - .agents/skills/grill-with-docs
  - .agents/skills/grill-with-docs/SKILL.md
  - .agents/skills/grilling
  - .agents/skills/grilling/SKILL.md
  deployed_file_hashes:
    .agents/skills/codebase-design/DEEPENING.md: sha256:125e6b77413ad2bc7cf7a772bc74336d580a50f9e797db2178ed133d62333d06
    .agents/skills/codebase-design/DESIGN-IT-TWICE.md: sha256:21c3264953bd30ee87b181a3ccaf0e70649f461e5ffd7dc654acee4ba1788b31
    .agents/skills/codebase-design/SKILL.md: sha256:a8d50abac5a4018f60e1d911d4b6f4e36454ca14d6c390c0695a578c7de65dad
    .agents/skills/domain-modeling/ADR-FORMAT.md: sha256:f1f36cd3f8d3b6474ddd5855da4e233bfc4ae1a1c5024909ccf11871819a41b2
    .agents/skills/domain-modeling/CONTEXT-FORMAT.md: sha256:b8cc318f2a4285b530e908b6bc43901c3c5cd11100362636bbc4216639bef597
    .agents/skills/domain-modeling/SKILL.md: sha256:152e2c97239affb12a60c5f4a7e74ab546a49ae169688c81f4e2ccc42dafa579
    .agents/skills/grill-with-docs/SKILL.md: sha256:610d091047bcfb9db0f75c057d15538481a721111579fc5ec7f83ad9131a2165
    .agents/skills/grilling/SKILL.md: sha256:5a35925d03a391bcfa46940868b649b72dba89ec9c19525e785bbb6bd3a7f478
  content_hash: sha256:3a26aa108d8b0b740315c7e62921597f2cc2c99412e63c1f8b3d4c403a5e30b8
  skill_subset:
  - codebase-design
  - domain-modeling
  - grill-with-docs
  - grilling
  target_subset:
  - agent-skills
- repo_url: obra/superpowers
  name: superpowers
  host: github.com
  resolved_commit: 3dcbd5c4b48e02263fbf4a3c01e3fe4f81d584d9
  resolved_ref: v6.2.0
  version: 6.2.0
  depth: 2
  resolved_by: seniorkonung/agent-skills
  package_type: marketplace_plugin
  deployed_files:
  - .agents/skills/verification-before-completion
  - .agents/skills/verification-before-completion/SKILL.md
  deployed_file_hashes:
    .agents/skills/verification-before-completion/SKILL.md: sha256:2befe7fc55bcadaa3d97dd9e8efeb633d2561c0ebe74c5a8b17c4d9e7e4520b3
  content_hash: sha256:f4ba2a0b0275955535927e8635806758416f20b7dd7ff598c051cf5cdd08051d
  skill_subset:
  - verification-before-completion
  target_subset:
  - agent-skills
  declared_license: MIT
deployments:
- kind: project-relative
  target: agent-skills
  value: .agents/skills/c4-diagrams
  runtime: null
  scope: project
  owners:
  - intent-driven-dev/intent-driven-template/.agents/skills/c4-diagrams
  active_owner: intent-driven-dev/intent-driven-template/.agents/skills/c4-diagrams
  content_hash: null
- kind: project-relative
  target: agent-skills
  value: .agents/skills/c4-diagrams/SKILL.md
  runtime: null
  scope: project
  owners:
  - intent-driven-dev/intent-driven-template/.agents/skills/c4-diagrams
  active_owner: intent-driven-dev/intent-driven-template/.agents/skills/c4-diagrams
  content_hash: sha256:5ba43fe1b6e7c763beab75aaa897f314a6b259ed42285ca4db6c00cdf59510c5
- kind: project-relative
  target: agent-skills
  value: .agents/skills/c4-diagrams/templates.md
  runtime: null
  scope: project
  owners:
  - intent-driven-dev/intent-driven-template/.agents/skills/c4-diagrams
  active_owner: intent-driven-dev/intent-driven-template/.agents/skills/c4-diagrams
  content_hash: sha256:0eaae951dd4781538f50661f0cb2fea9b5d41ffe8256809fadb19ce3adc0fc10
- kind: project-relative
  target: agent-skills
  value: .agents/skills/code-review-and-quality
  runtime: null
  scope: project
  owners:
  - seniorkonung/agent-skills
  active_owner: seniorkonung/agent-skills
  content_hash: null
- kind: project-relative
  target: agent-skills
  value: .agents/skills/code-review-and-quality/SKILL.md
  runtime: null
  scope: project
  owners:
  - seniorkonung/agent-skills
  active_owner: seniorkonung/agent-skills
  content_hash: sha256:0ff65150158adfd41844534948cbe4271e6a7a3aa463700a8d99caf550e38223
- kind: project-relative
  target: agent-skills
  value: .agents/skills/code-simplification
  runtime: null
  scope: project
  owners:
  - addyosmani/agent-skills
  active_owner: addyosmani/agent-skills
  content_hash: null
- kind: project-relative
  target: agent-skills
  value: .agents/skills/code-simplification/SKILL.md
  runtime: null
  scope: project
  owners:
  - addyosmani/agent-skills
  active_owner: addyosmani/agent-skills
  content_hash: sha256:f0c5ed754057eb0c1e027e2587f59de816651feb5e837242296c43ea21cf621d
- kind: project-relative
  target: agent-skills
  value: .agents/skills/codebase-design
  runtime: null
  scope: project
  owners:
  - mattpocock/skills
  active_owner: mattpocock/skills
  content_hash: null
- kind: project-relative
  target: agent-skills
  value: .agents/skills/codebase-design/DEEPENING.md
  runtime: null
  scope: project
  owners:
  - mattpocock/skills
  active_owner: mattpocock/skills
  content_hash: sha256:125e6b77413ad2bc7cf7a772bc74336d580a50f9e797db2178ed133d62333d06
- kind: project-relative
  target: agent-skills
  value: .agents/skills/codebase-design/DESIGN-IT-TWICE.md
  runtime: null
  scope: project
  owners:
  - mattpocock/skills
  active_owner: mattpocock/skills
  content_hash: sha256:21c3264953bd30ee87b181a3ccaf0e70649f461e5ffd7dc654acee4ba1788b31
- kind: project-relative
  target: agent-skills
  value: .agents/skills/codebase-design/SKILL.md
  runtime: null
  scope: project
  owners:
  - mattpocock/skills
  active_owner: mattpocock/skills
  content_hash: sha256:a8d50abac5a4018f60e1d911d4b6f4e36454ca14d6c390c0695a578c7de65dad
- kind: project-relative
  target: agent-skills
  value: .agents/skills/debugging-and-error-recovery
  runtime: null
  scope: project
  owners:
  - addyosmani/agent-skills
  active_owner: addyosmani/agent-skills
  content_hash: null
- kind: project-relative
  target: agent-skills
  value: .agents/skills/debugging-and-error-recovery/SKILL.md
  runtime: null
  scope: project
  owners:
  - addyosmani/agent-skills
  active_owner: addyosmani/agent-skills
  content_hash: sha256:927ad6917fa2891827351cfa3470cd715423faaa5c5f27fe74534d9324c35eea
- kind: project-relative
  target: agent-skills
  value: .agents/skills/discussion
  runtime: null
  scope: project
  owners:
  - seniorkonung/agent-skills
  active_owner: seniorkonung/agent-skills
  content_hash: null
- kind: project-relative
  target: agent-skills
  value: .agents/skills/discussion/SKILL.md
  runtime: null
  scope: project
  owners:
  - seniorkonung/agent-skills
  active_owner: seniorkonung/agent-skills
  content_hash: sha256:e9c3423b73b4d572af3d95c8820142e18bb44e226adc92f1c297905e9835ca9a
- kind: project-relative
  target: agent-skills
  value: .agents/skills/discussion/references/document-format.md
  runtime: null
  scope: project
  owners:
  - seniorkonung/agent-skills
  active_owner: seniorkonung/agent-skills
  content_hash: sha256:9012f228e7a7759f14176e38b1b39946a3d810693a4a96319934b93ad71e80ac
- kind: project-relative
  target: agent-skills
  value: .agents/skills/discussion/references/examples.md
  runtime: null
  scope: project
  owners:
  - seniorkonung/agent-skills
  active_owner: seniorkonung/agent-skills
  content_hash: sha256:e0a056cc213de20ee0e311c1404a21bfdda9e70d2d2cc2b73748de1b53359a6c
- kind: project-relative
  target: agent-skills
  value: .agents/skills/domain-modeling
  runtime: null
  scope: project
  owners:
  - mattpocock/skills
  active_owner: mattpocock/skills
  content_hash: null
- kind: project-relative
  target: agent-skills
  value: .agents/skills/domain-modeling/ADR-FORMAT.md
  runtime: null
  scope: project
  owners:
  - mattpocock/skills
  active_owner: mattpocock/skills
  content_hash: sha256:f1f36cd3f8d3b6474ddd5855da4e233bfc4ae1a1c5024909ccf11871819a41b2
- kind: project-relative
  target: agent-skills
  value: .agents/skills/domain-modeling/CONTEXT-FORMAT.md
  runtime: null
  scope: project
  owners:
  - mattpocock/skills
  active_owner: mattpocock/skills
  content_hash: sha256:b8cc318f2a4285b530e908b6bc43901c3c5cd11100362636bbc4216639bef597
- kind: project-relative
  target: agent-skills
  value: .agents/skills/domain-modeling/SKILL.md
  runtime: null
  scope: project
  owners:
  - mattpocock/skills
  active_owner: mattpocock/skills
  content_hash: sha256:152e2c97239affb12a60c5f4a7e74ab546a49ae169688c81f4e2ccc42dafa579
- kind: project-relative
  target: agent-skills
  value: .agents/skills/gherkin-authoring
  runtime: null
  scope: project
  owners:
  - intent-driven-dev/intent-driven-template/.agents/skills/gherkin-authoring
  active_owner: intent-driven-dev/intent-driven-template/.agents/skills/gherkin-authoring
  content_hash: null
- kind: project-relative
  target: agent-skills
  value: .agents/skills/gherkin-authoring/SKILL.md
  runtime: null
  scope: project
  owners:
  - intent-driven-dev/intent-driven-template/.agents/skills/gherkin-authoring
  active_owner: intent-driven-dev/intent-driven-template/.agents/skills/gherkin-authoring
  content_hash: sha256:6be226f25e2968f6175e59067f05915508c60eddf4717a46f21f332a403943ac
- kind: project-relative
  target: agent-skills
  value: .agents/skills/grill-with-docs
  runtime: null
  scope: project
  owners:
  - mattpocock/skills
  active_owner: mattpocock/skills
  content_hash: null
- kind: project-relative
  target: agent-skills
  value: .agents/skills/grill-with-docs/SKILL.md
  runtime: null
  scope: project
  owners:
  - mattpocock/skills
  active_owner: mattpocock/skills
  content_hash: sha256:610d091047bcfb9db0f75c057d15538481a721111579fc5ec7f83ad9131a2165
- kind: project-relative
  target: agent-skills
  value: .agents/skills/grilling
  runtime: null
  scope: project
  owners:
  - mattpocock/skills
  active_owner: mattpocock/skills
  content_hash: null
- kind: project-relative
  target: agent-skills
  value: .agents/skills/grilling/SKILL.md
  runtime: null
  scope: project
  owners:
  - mattpocock/skills
  active_owner: mattpocock/skills
  content_hash: sha256:5a35925d03a391bcfa46940868b649b72dba89ec9c19525e785bbb6bd3a7f478
- kind: project-relative
  target: agent-skills
  value: .agents/skills/idea-refine
  runtime: null
  scope: project
  owners:
  - seniorkonung/agent-skills
  active_owner: seniorkonung/agent-skills
  content_hash: null
- kind: project-relative
  target: agent-skills
  value: .agents/skills/idea-refine/SKILL.md
  runtime: null
  scope: project
  owners:
  - seniorkonung/agent-skills
  active_owner: seniorkonung/agent-skills
  content_hash: sha256:ab5240e4593b9b0250952986ce3b9aba4a7629c4bf8f6335d13584cff6ba7300
- kind: project-relative
  target: agent-skills
  value: .agents/skills/idea-refine/examples.md
  runtime: null
  scope: project
  owners:
  - seniorkonung/agent-skills
  active_owner: seniorkonung/agent-skills
  content_hash: sha256:326c8e64083f29b3ea8b99e757198efafcf30a68c227156b521e1cddff5ed4ad
- kind: project-relative
  target: agent-skills
  value: .agents/skills/idea-refine/frameworks.md
  runtime: null
  scope: project
  owners:
  - seniorkonung/agent-skills
  active_owner: seniorkonung/agent-skills
  content_hash: sha256:161ebc18fdf2d996bc62a87a2d747cf1bf53548354f8925de25c732c27f00309
- kind: project-relative
  target: agent-skills
  value: .agents/skills/idea-refine/refinement-criteria.md
  runtime: null
  scope: project
  owners:
  - seniorkonung/agent-skills
  active_owner: seniorkonung/agent-skills
  content_hash: sha256:1ca2973a4d01b5cb37ab7ddb2eff77fa4e792634a33d0ce44961c068fc88d51a
- kind: project-relative
  target: agent-skills
  value: .agents/skills/idea-refine/scripts/idea-refine.sh
  runtime: null
  scope: project
  owners:
  - seniorkonung/agent-skills
  active_owner: seniorkonung/agent-skills
  content_hash: sha256:f02a52408a4218047c032d221483abfbb48d11f090bb4915965c7419bf2e0e47
- kind: project-relative
  target: agent-skills
  value: .agents/skills/incremental-implementation
  runtime: null
  scope: project
  owners:
  - seniorkonung/agent-skills
  active_owner: seniorkonung/agent-skills
  content_hash: null
- kind: project-relative
  target: agent-skills
  value: .agents/skills/incremental-implementation/SKILL.md
  runtime: null
  scope: project
  owners:
  - seniorkonung/agent-skills
  active_owner: seniorkonung/agent-skills
  content_hash: sha256:9fc3b1931a1aa6da02e51d030f872cb52771843830b375fc91e43885a73fa853
- kind: project-relative
  target: agent-skills
  value: .agents/skills/observability-and-instrumentation
  runtime: null
  scope: project
  owners:
  - seniorkonung/agent-skills
  active_owner: seniorkonung/agent-skills
  content_hash: null
- kind: project-relative
  target: agent-skills
  value: .agents/skills/observability-and-instrumentation/SKILL.md
  runtime: null
  scope: project
  owners:
  - seniorkonung/agent-skills
  active_owner: seniorkonung/agent-skills
  content_hash: sha256:e4e75a3b486967db22b1446ab694b82116800cb19cc6b9387ac79a604da83bca
- kind: project-relative
  target: agent-skills
  value: .agents/skills/openspec-apply-change
  runtime: null
  scope: project
  owners:
  - fission-ai/openspec
  active_owner: fission-ai/openspec
  content_hash: null
- kind: project-relative
  target: agent-skills
  value: .agents/skills/openspec-apply-change/SKILL.md
  runtime: null
  scope: project
  owners:
  - fission-ai/openspec
  active_owner: fission-ai/openspec
  content_hash: sha256:0cf1cb26935b55d83e240631500c8cee484a7b241c84a705387c0eeb88676ccf
- kind: project-relative
  target: agent-skills
  value: .agents/skills/openspec-archive-change
  runtime: null
  scope: project
  owners:
  - fission-ai/openspec
  active_owner: fission-ai/openspec
  content_hash: null
- kind: project-relative
  target: agent-skills
  value: .agents/skills/openspec-archive-change/SKILL.md
  runtime: null
  scope: project
  owners:
  - fission-ai/openspec
  active_owner: fission-ai/openspec
  content_hash: sha256:3ad0def4d299469fdfd5b05e4842284d65558e6b28710b5962f7f214d6153855
- kind: project-relative
  target: agent-skills
  value: .agents/skills/openspec-continue-change
  runtime: null
  scope: project
  owners:
  - fission-ai/openspec
  active_owner: fission-ai/openspec
  content_hash: null
- kind: project-relative
  target: agent-skills
  value: .agents/skills/openspec-continue-change/SKILL.md
  runtime: null
  scope: project
  owners:
  - fission-ai/openspec
  active_owner: fission-ai/openspec
  content_hash: sha256:5120ec867288e4a117949e333f980f51df79e641739c9f4a23df6656311af920
- kind: project-relative
  target: agent-skills
  value: .agents/skills/openspec-explore
  runtime: null
  scope: project
  owners:
  - fission-ai/openspec
  active_owner: fission-ai/openspec
  content_hash: null
- kind: project-relative
  target: agent-skills
  value: .agents/skills/openspec-explore/SKILL.md
  runtime: null
  scope: project
  owners:
  - fission-ai/openspec
  active_owner: fission-ai/openspec
  content_hash: sha256:7e0281fc4f094dcced0c5469e7cbceba2dce9f113f22a4e34efcdce4315edf81
- kind: project-relative
  target: agent-skills
  value: .agents/skills/openspec-new-change
  runtime: null
  scope: project
  owners:
  - fission-ai/openspec
  active_owner: fission-ai/openspec
  content_hash: null
- kind: project-relative
  target: agent-skills
  value: .agents/skills/openspec-new-change/SKILL.md
  runtime: null
  scope: project
  owners:
  - fission-ai/openspec
  active_owner: fission-ai/openspec
  content_hash: sha256:0752814373e90dc368eb1f4c7fd4b15c3df1b26fa2d6a0e99232b15a29fe4f22
- kind: project-relative
  target: agent-skills
  value: .agents/skills/openspec-propose
  runtime: null
  scope: project
  owners:
  - fission-ai/openspec
  active_owner: fission-ai/openspec
  content_hash: null
- kind: project-relative
  target: agent-skills
  value: .agents/skills/openspec-propose/SKILL.md
  runtime: null
  scope: project
  owners:
  - fission-ai/openspec
  active_owner: fission-ai/openspec
  content_hash: sha256:c0537ce311115878e7e0a04e6ff4fc6456056f21024079c228b6b24325e38613
- kind: project-relative
  target: agent-skills
  value: .agents/skills/openspec-review-change
  runtime: null
  scope: project
  owners:
  - seniorkonung/agent-skills
  active_owner: seniorkonung/agent-skills
  content_hash: null
- kind: project-relative
  target: agent-skills
  value: .agents/skills/openspec-review-change/SKILL.md
  runtime: null
  scope: project
  owners:
  - seniorkonung/agent-skills
  active_owner: seniorkonung/agent-skills
  content_hash: sha256:d3aa7026125a4e019949f014bf6faf68b3200ffea60a959f1dabfbf2be637634
- kind: project-relative
  target: agent-skills
  value: .agents/skills/openspec-review-change/references/review-format.md
  runtime: null
  scope: project
  owners:
  - seniorkonung/agent-skills
  active_owner: seniorkonung/agent-skills
  content_hash: sha256:8fff9c014c0422603f982706b0b5b31adfceafec7ddd139e452c8017352fbfb7
- kind: project-relative
  target: agent-skills
  value: .agents/skills/openspec-review-change/references/review-lenses.md
  runtime: null
  scope: project
  owners:
  - seniorkonung/agent-skills
  active_owner: seniorkonung/agent-skills
  content_hash: sha256:68f289916a85cf64b0d675611bc6377af55c64fd8cad8b947bc23286bf34afb0
- kind: project-relative
  target: agent-skills
  value: .agents/skills/openspec-sync-specs
  runtime: null
  scope: project
  owners:
  - fission-ai/openspec
  active_owner: fission-ai/openspec
  content_hash: null
- kind: project-relative
  target: agent-skills
  value: .agents/skills/openspec-sync-specs/SKILL.md
  runtime: null
  scope: project
  owners:
  - fission-ai/openspec
  active_owner: fission-ai/openspec
  content_hash: sha256:daf0e52b188a3010e1f494427eb6807fb61a68df653403759b2be54a3aa37e74
- kind: project-relative
  target: agent-skills
  value: .agents/skills/openspec-update-change
  runtime: null
  scope: project
  owners:
  - fission-ai/openspec
  active_owner: fission-ai/openspec
  content_hash: null
- kind: project-relative
  target: agent-skills
  value: .agents/skills/openspec-update-change/SKILL.md
  runtime: null
  scope: project
  owners:
  - fission-ai/openspec
  active_owner: fission-ai/openspec
  content_hash: sha256:f9e08302d75e873e9ca801211e6151e3f9b663ac6205903e7d79b6520cea30f5
- kind: project-relative
  target: agent-skills
  value: .agents/skills/openspec-verify-change
  runtime: null
  scope: project
  owners:
  - fission-ai/openspec
  active_owner: fission-ai/openspec
  content_hash: null
- kind: project-relative
  target: agent-skills
  value: .agents/skills/openspec-verify-change/SKILL.md
  runtime: null
  scope: project
  owners:
  - fission-ai/openspec
  active_owner: fission-ai/openspec
  content_hash: sha256:02a810d3fb265df77ec22891cef25f0510fe0f07b608d837ba361debced81840
- kind: project-relative
  target: agent-skills
  value: .agents/skills/planning-and-task-breakdown
  runtime: null
  scope: project
  owners:
  - seniorkonung/agent-skills
  active_owner: seniorkonung/agent-skills
  content_hash: null
- kind: project-relative
  target: agent-skills
  value: .agents/skills/planning-and-task-breakdown/SKILL.md
  runtime: null
  scope: project
  owners:
  - seniorkonung/agent-skills
  active_owner: seniorkonung/agent-skills
  content_hash: sha256:3a46c9031f2d70d5333bcd418ce835a866028e7d6abd8ed7cee621f20d6dfa72
- kind: project-relative
  target: agent-skills
  value: .agents/skills/security-and-hardening
  runtime: null
  scope: project
  owners:
  - seniorkonung/agent-skills
  active_owner: seniorkonung/agent-skills
  content_hash: null
- kind: project-relative
  target: agent-skills
  value: .agents/skills/security-and-hardening/SKILL.md
  runtime: null
  scope: project
  owners:
  - seniorkonung/agent-skills
  active_owner: seniorkonung/agent-skills
  content_hash: sha256:7dee4d2cc8b417b90790bf6016f74a3dcd1adcddde6e42f545a391f950778ebe
- kind: project-relative
  target: agent-skills
  value: .agents/skills/shipping-and-launch
  runtime: null
  scope: project
  owners:
  - seniorkonung/agent-skills
  active_owner: seniorkonung/agent-skills
  content_hash: null
- kind: project-relative
  target: agent-skills
  value: .agents/skills/shipping-and-launch/SKILL.md
  runtime: null
  scope: project
  owners:
  - seniorkonung/agent-skills
  active_owner: seniorkonung/agent-skills
  content_hash: sha256:ca9216f73ac6dfd1b1104ccd7de570acc5a22e11b1bf0ad4bafde1009afc4512
- kind: project-relative
  target: agent-skills
  value: .agents/skills/source-driven-development
  runtime: null
  scope: project
  owners:
  - addyosmani/agent-skills
  active_owner: addyosmani/agent-skills
  content_hash: null
- kind: project-relative
  target: agent-skills
  value: .agents/skills/source-driven-development/SKILL.md
  runtime: null
  scope: project
  owners:
  - addyosmani/agent-skills
  active_owner: addyosmani/agent-skills
  content_hash: sha256:b979e7531ea601ed14a090f32a5b135db517c48ab9821c5e8b09efd80f4ff4d8
- kind: project-relative
  target: agent-skills
  value: .agents/skills/test-driven-development
  runtime: null
  scope: project
  owners:
  - seniorkonung/agent-skills
  active_owner: seniorkonung/agent-skills
  content_hash: null
- kind: project-relative
  target: agent-skills
  value: .agents/skills/test-driven-development/SKILL.md
  runtime: null
  scope: project
  owners:
  - seniorkonung/agent-skills
  active_owner: seniorkonung/agent-skills
  content_hash: sha256:0b3eadb3e71a64d015933f8fd41d6bff678b2ee174d638b0bbe79d8f54513860
- kind: project-relative
  target: agent-skills
  value: .agents/skills/verification-before-completion
  runtime: null
  scope: project
  owners:
  - obra/superpowers
  active_owner: obra/superpowers
  content_hash: null
- kind: project-relative
  target: agent-skills
  value: .agents/skills/verification-before-completion/SKILL.md
  runtime: null
  scope: project
  owners:
  - obra/superpowers
  active_owner: obra/superpowers
  content_hash: sha256:2befe7fc55bcadaa3d97dd9e8efeb633d2561c0ebe74c5a8b17c4d9e7e4520b3
- kind: project-relative
  target: codex
  value: .codex/agents/code-reviewer.toml
  runtime: null
  scope: project
  owners:
  - seniorkonung/agent-skills
  active_owner: seniorkonung/agent-skills
  content_hash: sha256:68551392550f16bad4545b154ec710ba215623bcb35f95f8ab2e613d798b50dd
- kind: project-relative
  target: codex
  value: .codex/agents/security-auditor.toml
  runtime: null
  scope: project
  owners:
  - seniorkonung/agent-skills
  active_owner: seniorkonung/agent-skills
  content_hash: sha256:6f2bec3bded4da237fa14b74fd77720f0e7d96982f09288652aec26b228110dd
- kind: project-relative
  target: codex
  value: .codex/agents/test-engineer.toml
  runtime: null
  scope: project
  owners:
  - seniorkonung/agent-skills
  active_owner: seniorkonung/agent-skills
  content_hash: sha256:729261399bedbfa7af957725773fddea919b1e094a81ebe6d8a6e476d54c7ff8
- kind: uri
  target: mcp
  value: dart
  runtime: codex
  scope: project
  owners:
  - .
  active_owner: .
  content_hash: null
mcp_servers:
- dart
mcp_configs:
  dart:
    name: dart
    transport: stdio
    args:
    - mcp-server
    registry: false
    command: dart
mcp_target_servers:
  codex:
  - dart
